
Microsoft Visual Studio Solution File, Format Version 12.00
# Visual Studio Version 17
VisualStudioVersion = 17.3.32929.385
MinimumVisualStudioVersion = 10.0.40219.1
Project("{FAE04EC0-301F-11D3-BF4B-00C04F79EFBC}") = "Game Jam Game", "Game Jam Game.csproj", "{9931F1F8-9CC4-4F2B-9304-C7A359DD63A0}"
EndProject
Global
	GlobalSection(SolutionConfigurationPlatforms) = preSolution
		Debug|Any CPU = Debug|Any CPU
		Release|Any CPU = Release|Any CPU
	EndGlobalSection
	GlobalSection(ProjectConfigurationPlatforms) = postSolution
		{9931F1F8-9CC4-4F2B-9304-C7A359DD63A0}.Debug|Any CPU.ActiveCfg = Debug|Any CPU
		{9931F1F8-9CC4-4F2B-9304-C7A359DD63A0}.Debug|Any CPU.Build.0 = Debug|Any CPU
		{9931F1F8-9CC4-4F2B-9304-C7A359DD63A0}.Release|Any CPU.ActiveCfg = Release|Any CPU
		{9931F1F8-9CC4-4F2B-9304-C7A359DD63A0}.Release|Any CPU.Build.0 = Release|Any CPU
	EndGlobalSection
	GlobalSection(SolutionProperties) = preSolution
		HideSolutionNode = FALSE
	EndGlobalSection
	GlobalSection(ExtensibilityGlobals) = postSolution
		SolutionGuid = {B5141FB5-1CAD-42EB-9FD7-6E232E2513DD}
	EndGlobalSection
EndGlobal
